
Microsoft Visual Studio Solution File, Format Version 12.00
# Visual Studio Version 17
VisualStudioVersion = 17.3.32922.545
MinimumVisualStudioVersion = 10.0.40219.1
Project("{FAE04EC0-301F-11D3-BF4B-00C04F79EFBC}") = "EmployeePayRoles_MultiThreadingBatch", "EmployeePayRoles_MultiThreadingBatch\EmployeePayRoles_MultiThreadingBatch.csproj", "{758DE2A6-2B33-4FDC-98B4-12F3F0D69137}"
EndProject
Project("{FAE04EC0-301F-11D3-BF4B-00C04F79EFBC}") = "EmployeePayRoles_MultiThreadingTest", "EmployeePayRoles_MultiThreadingTest\EmployeePayRoles_MultiThreadingTest.csproj", "{D019B21C-8160-4D96-9764-6664A90E5883}"
EndProject
Global
	GlobalSection(SolutionConfigurationPlatforms) = preSolution
		Debug|Any CPU = Debug|Any CPU
		Release|Any CPU = Release|Any CPU
	EndGlobalSection
	GlobalSection(ProjectConfigurationPlatforms) = postSolution
		{758DE2A6-2B33-4FDC-98B4-12F3F0D69137}.Debug|Any CPU.ActiveCfg = Debug|Any CPU
		{758DE2A6-2B33-4FDC-98B4-12F3F0D69137}.Debug|Any CPU.Build.0 = Debug|Any CPU
		{758DE2A6-2B33-4FDC-98B4-12F3F0D69137}.Release|Any CPU.ActiveCfg = Release|Any CPU
		{758DE2A6-2B33-4FDC-98B4-12F3F0D69137}.Release|Any CPU.Build.0 = Release|Any CPU
		{D019B21C-8160-4D96-9764-6664A90E5883}.Debug|Any CPU.ActiveCfg = Debug|Any CPU
		{D019B21C-8160-4D96-9764-6664A90E5883}.Debug|Any CPU.Build.0 = Debug|Any CPU
		{D019B21C-8160-4D96-9764-6664A90E5883}.Release|Any CPU.ActiveCfg = Release|Any CPU
		{D019B21C-8160-4D96-9764-6664A90E5883}.Release|Any CPU.Build.0 = Release|Any CPU
	EndGlobalSection
	GlobalSection(SolutionProperties) = preSolution
		HideSolutionNode = FALSE
	EndGlobalSection
	GlobalSection(ExtensibilityGlobals) = postSolution
		SolutionGuid = {2EBA8A21-A31C-486F-98E5-C7ED3C046A9E}
	EndGlobalSection
EndGlobal
